
Microsoft Visual Studio Solution File, Format Version 12.00
# Visual Studio 15
VisualStudioVersion = 15.0.26124.0
MinimumVisualStudioVersion = 15.0.26124.0
Project("{2150E333-8FDC-42A3-9474-1A3956D46DE8}") = "src", "src", "{71231F86-FC68-412E-8DF4-28EF909C5292}"
EndProject
Project("{FAE04EC0-301F-11D3-BF4B-00C04F79EFBC}") = "LightSocksCore", "src\LightSocksCore\LightSocksCore.csproj", "{61B696D0-E56A-4233-800E-61AE3EF119CB}"
EndProject
Project("{FAE04EC0-301F-11D3-BF4B-00C04F79EFBC}") = "LightSocksServer", "src\LightSocksServer\LightSocksServer.csproj", "{11992242-9D9A-4DD8-A5AD-7604F280BBC9}"
EndProject
Project("{FAE04EC0-301F-11D3-BF4B-00C04F79EFBC}") = "LightSocksLocal", "src\LightSocksLocal\LightSocksLocal.csproj", "{8EE1D2DB-6F57-404B-A422-FB2C95120A49}"
EndProject
Project("{FAE04EC0-301F-11D3-BF4B-00C04F79EFBC}") = "LightSocksCmd", "src\LightSocksCmd\LightSocksCmd.csproj", "{353CE3A9-9059-428C-A378-65F7CB45A41C}"
EndProject
Global
	GlobalSection(SolutionConfigurationPlatforms) = preSolution
		Debug|Any CPU = Debug|Any CPU
		Debug|x64 = Debug|x64
		Debug|x86 = Debug|x86
		Release|Any CPU = Release|Any CPU
		Release|x64 = Release|x64
		Release|x86 = Release|x86
	EndGlobalSection
	GlobalSection(SolutionProperties) = preSolution
		HideSolutionNode = FALSE
	EndGlobalSection
	GlobalSection(ProjectConfigurationPlatforms) = postSolution
		{61B696D0-E56A-4233-800E-61AE3EF119CB}.Debug|Any CPU.ActiveCfg = Debug|Any CPU
		{61B696D0-E56A-4233-800E-61AE3EF119CB}.Debug|Any CPU.Build.0 = Debug|Any CPU
		{61B696D0-E56A-4233-800E-61AE3EF119CB}.Debug|x64.ActiveCfg = Debug|x64
		{61B696D0-E56A-4233-800E-61AE3EF119CB}.Debug|x64.Build.0 = Debug|x64
		{61B696D0-E56A-4233-800E-61AE3EF119CB}.Debug|x86.ActiveCfg = Debug|x86
		{61B696D0-E56A-4233-800E-61AE3EF119CB}.Debug|x86.Build.0 = Debug|x86
		{61B696D0-E56A-4233-800E-61AE3EF119CB}.Release|Any CPU.ActiveCfg = Release|Any CPU
		{61B696D0-E56A-4233-800E-61AE3EF119CB}.Release|Any CPU.Build.0 = Release|Any CPU
		{61B696D0-E56A-4233-800E-61AE3EF119CB}.Release|x64.ActiveCfg = Release|x64
		{61B696D0-E56A-4233-800E-61AE3EF119CB}.Release|x64.Build.0 = Release|x64
		{61B696D0-E56A-4233-800E-61AE3EF119CB}.Release|x86.ActiveCfg = Release|x86
		{61B696D0-E56A-4233-800E-61AE3EF119CB}.Release|x86.Build.0 = Release|x86
		{11992242-9D9A-4DD8-A5AD-7604F280BBC9}.Debug|Any CPU.ActiveCfg = Debug|Any CPU
		{11992242-9D9A-4DD8-A5AD-7604F280BBC9}.Debug|Any CPU.Build.0 = Debug|Any CPU
		{11992242-9D9A-4DD8-A5AD-7604F280BBC9}.Debug|x64.ActiveCfg = Debug|x64
		{11992242-9D9A-4DD8-A5AD-7604F280BBC9}.Debug|x64.Build.0 = Debug|x64
		{11992242-9D9A-4DD8-A5AD-7604F280BBC9}.Debug|x86.ActiveCfg = Debug|x86
		{11992242-9D9A-4DD8-A5AD-7604F280BBC9}.Debug|x86.Build.0 = Debug|x86
		{11992242-9D9A-4DD8-A5AD-7604F280BBC9}.Release|Any CPU.ActiveCfg = Release|Any CPU
		{11992242-9D9A-4DD8-A5AD-7604F280BBC9}.Release|Any CPU.Build.0 = Release|Any CPU
		{11992242-9D9A-4DD8-A5AD-7604F280BBC9}.Release|x64.ActiveCfg = Release|x64
		{11992242-9D9A-4DD8-A5AD-7604F280BBC9}.Release|x64.Build.0 = Release|x64
		{11992242-9D9A-4DD8-A5AD-7604F280BBC9}.Release|x86.ActiveCfg = Release|x86
		{11992242-9D9A-4DD8-A5AD-7604F280BBC9}.Release|x86.Build.0 = Release|x86
		{8EE1D2DB-6F57-404B-A422-FB2C95120A49}.Debug|Any CPU.ActiveCfg = Debug|Any CPU
		{8EE1D2DB-6F57-404B-A422-FB2C95120A49}.Debug|Any CPU.Build.0 = Debug|Any CPU
		{8EE1D2DB-6F57-404B-A422-FB2C95120A49}.Debug|x64.ActiveCfg = Debug|x64
		{8EE1D2DB-6F57-404B-A422-FB2C95120A49}.Debug|x64.Build.0 = Debug|x64
		{8EE1D2DB-6F57-404B-A422-FB2C95120A49}.Debug|x86.ActiveCfg = Debug|x86
		{8EE1D2DB-6F57-404B-A422-FB2C95120A49}.Debug|x86.Build.0 = Debug|x86
		{8EE1D2DB-6F57-404B-A422-FB2C95120A49}.Release|Any CPU.ActiveCfg = Release|Any CPU
		{8EE1D2DB-6F57-404B-A422-FB2C95120A49}.Release|Any CPU.Build.0 = Release|Any CPU
		{8EE1D2DB-6F57-404B-A422-FB2C95120A49}.Release|x64.ActiveCfg = Release|x64
		{8EE1D2DB-6F57-404B-A422-FB2C95120A49}.Release|x64.Build.0 = Release|x64
		{8EE1D2DB-6F57-404B-A422-FB2C95120A49}.Release|x86.ActiveCfg = Release|x86
		{8EE1D2DB-6F57-404B-A422-FB2C95120A49}.Release|x86.Build.0 = Release|x86
		{353CE3A9-9059-428C-A378-65F7CB45A41C}.Debug|Any CPU.ActiveCfg = Debug|Any CPU
		{353CE3A9-9059-428C-A378-65F7CB45A41C}.Debug|Any CPU.Build.0 = Debug|Any CPU
		{353CE3A9-9059-428C-A378-65F7CB45A41C}.Debug|x64.ActiveCfg = Debug|x64
		{353CE3A9-9059-428C-A378-65F7CB45A41C}.Debug|x64.Build.0 = Debug|x64
		{353CE3A9-9059-428C-A378-65F7CB45A41C}.Debug|x86.ActiveCfg = Debug|x86
		{353CE3A9-9059-428C-A378-65F7CB45A41C}.Debug|x86.Build.0 = Debug|x86
		{353CE3A9-9059-428C-A378-65F7CB45A41C}.Release|Any CPU.ActiveCfg = Release|Any CPU
		{353CE3A9-9059-428C-A378-65F7CB45A41C}.Release|Any CPU.Build.0 = Release|Any CPU
		{353CE3A9-9059-428C-A378-65F7CB45A41C}.Release|x64.ActiveCfg = Release|x64
		{353CE3A9-9059-428C-A378-65F7CB45A41C}.Release|x64.Build.0 = Release|x64
		{353CE3A9-9059-428C-A378-65F7CB45A41C}.Release|x86.ActiveCfg = Release|x86
		{353CE3A9-9059-428C-A378-65F7CB45A41C}.Release|x86.Build.0 = Release|x86
	EndGlobalSection
	GlobalSection(NestedProjects) = preSolution
		{61B696D0-E56A-4233-800E-61AE3EF119CB} = {71231F86-FC68-412E-8DF4-28EF909C5292}
		{11992242-9D9A-4DD8-A5AD-7604F280BBC9} = {71231F86-FC68-412E-8DF4-28EF909C5292}
		{8EE1D2DB-6F57-404B-A422-FB2C95120A49} = {71231F86-FC68-412E-8DF4-28EF909C5292}
		{353CE3A9-9059-428C-A378-65F7CB45A41C} = {71231F86-FC68-412E-8DF4-28EF909C5292}
	EndGlobalSection
EndGlobal
